{
    "_meta": {
        "hash": {
            "sha256": "883238bb7bffb9d0c5964fd1e501d696fbdb8da3fc8e2d568b575660661f34e6"
        },
        "pipfile-spec": 6,
        "requires": {
            "python_version": "3.12"
        },
        "sources": [
            {
                "name": "pypi",
                "url": "https://pypi.org/simple",
                "verify_ssl": true
            }
        ]
    },
    "default": {
        "click": {
            "hashes": [
                "sha256:ae74fb96c20a0277a1d615f1e4d73c8414f5a98db8b799a7931d1582f3390c28",
                "sha256:ca9853ad459e787e2192211578cc907e7594e294c7ccc834310722b41b9ca6de"
            ],
            "index": "pypi",
            "markers": "python_version >= '3.7'",
            "version": "==8.1.7"
        },
        "numpy": {
            "hashes": [
                "sha256:05b2d4e667895cc55e3ff2b56077e4c8a5604361fc21a042845ea3ad67465aa8",
                "sha256:12edb90831ff481f7ef5f6bc6431a9d74dc0e5ff401559a71e5e4611d4f2d466",
                "sha256:13311c2db4c5f7609b462bc0f43d3c465424d25c626d95040f073e30f7570e35",
                "sha256:13532a088217fa624c99b843eeb54640de23b3414b14aa66d023805eb731066c",
                "sha256:13602b3174432a35b16c4cfb5de9a12d229727c3dd47a6ce35111f2ebdf66ff4",
                "sha256:1600068c262af1ca9580a527d43dc9d959b0b1d8e56f8a05d830eea39b7c8af6",
                "sha256:1b8cde4f11f0a975d1fd59373b32e2f5a562ade7cde4f85b7137f3de8fbb29a0",
                "sha256:1c193d0b0238638e6fc5f10f1b074a6993cb13b0b431f64079a509d63d3aa8b7",
                "sha256:1ebec5fd716c5a5b3d8dfcc439be82a8407b7b24b230d0ad28a81b61c2f4659a",
                "sha256:242b39d00e4944431a3cd2db2f5377e15b5785920421993770cddb89992c3f3a",
                "sha256:259ec80d54999cc34cd1eb8ded513cb053c3bf4829152a2e00de2371bd406f5e",
                "sha256:2abbf905a0b568706391ec6fa15161fad0fb5d8b68d73c461b3c1bab6064dd62",
                "sha256:2cbba4b30bf31ddbe97f1c7205ef976909a93a66bb1583e983adbd155ba72ac2",
                "sha256:2ffef621c14ebb0188a8633348504a35c13680d6da93ab5cb86f4e54b7e922b5",
                "sha256:30d53720b726ec36a7f88dc873f0eec8447fbc93d93a8f079dfac2629598d6ee",
                "sha256:32e16a03138cabe0cb28e1007ee82264296ac0983714094380b408097a418cfe",
                "sha256:43cca367bf94a14aca50b89e9bc2061683116cfe864e56740e083392f533ce7a",
                "sha256:456e3b11cb79ac9946c822a56346ec80275eaf2950314b249b512896c0d2505e",
                "sha256:4d6ec0d4222e8ffdab1744da2560f07856421b367928026fb540e1945f2eeeaf",
                "sha256:5006b13a06e0b38d561fab5ccc37581f23c9511879be7693bd33c7cd15ca227c",
                "sha256:675c741d4739af2dc20cd6c6a5c4b7355c728167845e3c6b0e824e4e5d36a6c3",
                "sha256:6cdb606a7478f9ad91c6283e238544451e3a95f30fb5467fbf715964341a8a86",
                "sha256:6d95f286b8244b3649b477ac066c6906fbb2905f8ac19b170e2175d3d799f4df",
                "sha256:76322dcdb16fccf2ac56f99048af32259dcc488d9b7e25b51e5eca5147a3fb98",
                "sha256:7c1c60328bd964b53f8b835df69ae8198659e2b9302ff9ebb7de4e5a5994db3d",
                "sha256:860ec6e63e2c5c2ee5e9121808145c7bf86c96cca9ad396c0bd3e0f2798ccbe2",
                "sha256:8e00ea6fc82e8a804433d3e9cedaa1051a1422cb6e443011590c14d2dea59146",
                "sha256:9c6c754df29ce6a89ed23afb25550d1c2d5fdb9901d9c67a16e0b16eaf7e2550",
                "sha256:a26ae94658d3ba3781d5e103ac07a876b3e9b29db53f68ed7df432fd033358a8",
                "sha256:a65acfdb9c6ebb8368490dbafe83c03c7e277b37e6857f0caeadbbc56e12f4fb",
                "sha256:a7d80b2e904faa63068ead63107189164ca443b42dd1930299e0d1cb041cec2e",
                "sha256:a84498e0d0a1174f2b3ed769b67b656aa5460c92c9554039e11f20a05650f00d",
                "sha256:ab4754d432e3ac42d33a269c8567413bdb541689b02d93788af4131018cbf366",
                "sha256:ad369ed238b1959dfbade9018a740fb9392c5ac4f9b5173f420bd4f37ba1f7a0",
                "sha256:b1d0fcae4f0949f215d4632be684a539859b295e2d0cb14f78ec231915d644db",
                "sha256:b42a1a511c81cc78cbc4539675713bbcf9d9c3913386243ceff0e9429ca892fe",
                "sha256:bd33f82e95ba7ad632bc57837ee99dba3d7e006536200c4e9124089e1bf42426",
                "sha256:bdd407c40483463898b84490770199d5714dcc9dd9b792f6c6caccc523c00952",
                "sha256:c6eef7a2dbd0abfb0d9eaf78b73017dbfd0b54051102ff4e6a7b2980d5ac1a03",
                "sha256:c82af4b2ddd2ee72d1fc0c6695048d457e00b3582ccde72d8a1c991b808bb20f",
                "sha256:d666cb72687559689e9906197e3bec7b736764df6a2e58ee265e360663e9baf7",
                "sha256:d7bf0a4f9f15b32b5ba53147369e94296f5fffb783db5aacc1be15b4bf72f43b",
                "sha256:d82075752f40c0ddf57e6e02673a17f6cb0f8eb3f587f63ca1eaab5594da5b17",
                "sha256:da65fb46d4cbb75cb417cddf6ba5e7582eb7bb0b47db4b99c9fe5787ce5d91f5",
                "sha256:e2b49c3c0804e8ecb05d59af8386ec2f74877f7ca8fd9c1e00be2672e4d399b1",
                "sha256:e585c8ae871fd38ac50598f4763d73ec5497b0de9a0ab4ef5b69f01c6a046142",
                "sha256:e8d3ca0a72dd8846eb6f7dfe8f19088060fcb76931ed592d29128e0219652884",
                "sha256:ef444c57d664d35cac4e18c298c47d7b504c66b17c2ea91312e979fcfbdfb08a",
                "sha256:f1eb068ead09f4994dec71c24b2844f1e4e4e013b9629f812f292f04bd1510d9",
                "sha256:f2ded8d9b6f68cc26f8425eda5d3877b47343e68ca23d0d0846f4d312ecaa445",
                "sha256:f751ed0a2f250541e19dfca9f1eafa31a392c71c832b6bb9e113b10d050cb0f1",
                "sha256:faa88bc527d0f097abdc2c663cddf37c05a1c2f113716601555249805cf573f1",
                "sha256:fc44e3c68ff00fd991b59092a54350e6e4911152682b4782f68070985aa9e648"
            ],
            "index": "pypi",
            "markers": "python_version >= '3.10'",
            "version": "==2.1.2"
        }
    },
    "develop": {
        "astroid": {
            "hashes": [
                "sha256:5cfc40ae9f68311075d27ef68a4841bdc5cc7f6cf86671b49f00607d30188e2d",
                "sha256:a9d1c946ada25098d790e079ba2a1b112157278f3fb7e718ae6a9252f5835dc8"
            ],
            "markers": "python_full_version >= '3.9.0'",
            "version": "==3.3.5"
        },
        "dill": {
            "hashes": [
                "sha256:468dff3b89520b474c0397703366b7b95eebe6303f108adf9b19da1f702be87a",
                "sha256:81aa267dddf68cbfe8029c42ca9ec6a4ab3b22371d1c450abc54422577b4512c"
            ],
            "markers": "python_version >= '3.11'",
            "version": "==0.3.9"
        },
        "iniconfig": {
            "hashes": [
                "sha256:2d91e135bf72d31a410b17c16da610a82cb55f6b0477d1a902134b24a455b8b3",
                "sha256:b6a85871a79d2e3b22d2d1b94ac2824226a63c6b741c88f7ae975f18b6778374"
            ],
            "markers": "python_version >= '3.7'",
            "version": "==2.0.0"
        },
        "isort": {
            "hashes": [
                "sha256:48fdfcb9face5d58a4f6dde2e72a1fb8dcaf8ab26f95ab49fab84c2ddefb0109",
                "sha256:8ca5e72a8d85860d5a3fa69b8745237f2939afe12dbf656afbcb47fe72d947a6"
            ],
            "markers": "python_full_version >= '3.8.0'",
            "version": "==5.13.2"
        },
        "mccabe": {
            "hashes": [
                "sha256:348e0240c33b60bbdf4e523192ef919f28cb2c3d7d5c7794f74009290f236325",
                "sha256:6c2d30ab6be0e4a46919781807b4f0d834ebdd6c6e3dca0bda5a15f863427b6e"
            ],
            "markers": "python_version >= '3.6'",
            "version": "==0.7.0"
        },
        "mypy": {
            "hashes": [
                "sha256:060a07b10e999ac9e7fa249ce2bdcfa9183ca2b70756f3bce9df7a92f78a3c0a",
                "sha256:06de0498798527451ffb60f68db0d368bd2bae2bbfb5237eae616d4330cc87aa",
                "sha256:0eff042d7257f39ba4ca06641d110ca7d2ad98c9c1fb52200fe6b1c865d360ff",
                "sha256:1ebf9e796521f99d61864ed89d1fb2926d9ab6a5fab421e457cd9c7e4dd65aa9",
                "sha256:20c7c5ce0c1be0b0aea628374e6cf68b420bcc772d85c3c974f675b88e3e6e57",
                "sha256:233e11b3f73ee1f10efada2e6da0f555b2f3a5316e9d8a4a1224acc10e7181d3",
                "sha256:2c40658d4fa1ab27cb53d9e2f1066345596af2f8fe4827defc398a09c7c9519b",
                "sha256:2f106db5ccb60681b622ac768455743ee0e6a857724d648c9629a9bd2ac3f721",
                "sha256:4397081e620dc4dc18e2f124d5e1d2c288194c2c08df6bdb1db31c38cd1fe1ed",
                "sha256:48d3e37dd7d9403e38fa86c46191de72705166d40b8c9f91a3de77350daa0893",
                "sha256:4ae8959c21abcf9d73aa6c74a313c45c0b5a188752bf37dace564e29f06e9c1b",
                "sha256:4b86de37a0da945f6d48cf110d5206c5ed514b1ca2614d7ad652d4bf099c7de7",
                "sha256:52b9e1492e47e1790360a43755fa04101a7ac72287b1a53ce817f35899ba0521",
                "sha256:5bc81701d52cc8767005fdd2a08c19980de9ec61a25dbd2a937dfb1338a826f9",
                "sha256:5feee5c74eb9749e91b77f60b30771563327329e29218d95bedbe1257e2fe4b0",
                "sha256:65a22d87e757ccd95cbbf6f7e181e6caa87128255eb2b6be901bb71b26d8a99d",
                "sha256:684a9c508a283f324804fea3f0effeb7858eb03f85c4402a967d187f64562469",
                "sha256:6b5df6c8a8224f6b86746bda716bbe4dbe0ce89fd67b1fa4661e11bfe38e8ec8",
                "sha256:6cabe4cda2fa5eca7ac94854c6c37039324baaa428ecbf4de4567279e9810f9e",
                "sha256:77278e8c6ffe2abfba6db4125de55f1024de9a323be13d20e4f73b8ed3402bd1",
                "sha256:8462655b6694feb1c99e433ea905d46c478041a8b8f0c33f1dab00ae881b2164",
                "sha256:923ea66d282d8af9e0f9c21ffc6653643abb95b658c3a8a32dca1eff09c06475",
                "sha256:9b9ce1ad8daeb049c0b55fdb753d7414260bad8952645367e70ac91aec90e07e",
                "sha256:a64ee25f05fc2d3d8474985c58042b6759100a475f8237da1f4faf7fcd7e6309",
                "sha256:bfe012b50e1491d439172c43ccb50db66d23fab714d500b57ed52526a1020bb7",
                "sha256:c72861b7139a4f738344faa0e150834467521a3fba42dc98264e5aa9507dd601",
                "sha256:dcfb754dea911039ac12434d1950d69a2f05acd4d56f7935ed402be09fad145e",
                "sha256:dee78a8b9746c30c1e617ccb1307b351ded57f0de0d287ca6276378d770006c0",
                "sha256:e478601cc3e3fa9d6734d255a59c7a2e5c2934da4378f3dd1e3411ea8a248642",
                "sha256:eafc1b7319b40ddabdc3db8d7d48e76cfc65bbeeafaa525a4e0fa6b76175467f",
                "sha256:faca7ab947c9f457a08dcb8d9a8664fd438080e002b0fa3e41b0535335edcf7f",
                "sha256:fd313226af375d52e1e36c383f39bf3836e1f192801116b31b090dfcd3ec5266"
            ],
            "index": "pypi",
            "markers": "python_version >= '3.8'",
            "version": "==1.12.0"
        },
        "mypy-extensions": {
            "hashes": [
                "sha256:4392f6c0eb8a5668a69e23d168ffa70f0be9ccfd32b5cc2d26a34ae5b844552d",
                "sha256:75dbf8955dc00442a438fc4d0666508a9a97b6bd41aa2f0ffe9d2f2725af0782"
            ],
            "markers": "python_version >= '3.5'",
            "version": "==1.0.0"
        },
        "packaging": {
            "hashes": [
                "sha256:026ed72c8ed3fcce5bf8950572258698927fd1dbda10a5e981cdf0ac37f4f002",
                "sha256:5b8f2217dbdbd2f7f384c41c628544e6d52f2d0f53c6d0c3ea61aa5d1d7ff124"
            ],
            "markers": "python_version >= '3.8'",
            "version": "==24.1"
        },
        "platformdirs": {
            "hashes": [
                "sha256:357fb2acbc885b0419afd3ce3ed34564c13c9b95c89360cd9563f73aa5e2b907",
                "sha256:73e575e1408ab8103900836b97580d5307456908a03e92031bab39e4554cc3fb"
            ],
            "markers": "python_version >= '3.8'",
            "version": "==4.3.6"
        },
        "pluggy": {
            "hashes": [
                "sha256:2cffa88e94fdc978c4c574f15f9e59b7f4201d439195c3715ca9e2486f1d0cf1",
                "sha256:44e1ad92c8ca002de6377e165f3e0f1be63266ab4d554740532335b9d75ea669"
            ],
            "markers": "python_version >= '3.8'",
            "version": "==1.5.0"
        },
        "pylint": {
            "hashes": [
                "sha256:2f846a466dd023513240bc140ad2dd73bfc080a5d85a710afdb728c420a5a2b9",
                "sha256:9f3dcc87b1203e612b78d91a896407787e708b3f189b5fa0b307712d49ff0c6e"
            ],
            "index": "pypi",
            "markers": "python_full_version >= '3.9.0'",
            "version": "==3.3.1"
        },
        "pytest": {
            "hashes": [
                "sha256:70b98107bd648308a7952b06e6ca9a50bc660be218d53c257cc1fc94fda10181",
                "sha256:a6853c7375b2663155079443d2e45de913a911a11d669df02a50814944db57b2"
            ],
            "index": "pypi",
            "markers": "python_version >= '3.8'",
            "version": "==8.3.3"
        },
        "ruff": {
            "hashes": [
                "sha256:064df58d84ccc0ac0fcd63bc3090b251d90e2a372558c0f057c3f75ed73e1ccd",
                "sha256:12edd2af0c60fa61ff31cefb90aef4288ac4d372b4962c2864aeea3a1a2460c0",
                "sha256:140d4b5c9f5fc7a7b074908a78ab8d384dd7f6510402267bc76c37195c02a7ec",
                "sha256:3c866b631f5fbce896a74a6e4383407ba7507b815ccc52bcedabb6810fdb3ef7",
                "sha256:3ef0cc774b00fec123f635ce5c547dac263f6ee9fb9cc83437c5904183b55ceb",
                "sha256:417b81aa1c9b60b2f8edc463c58363075412866ae4e2b9ab0f690dc1e87ac1b5",
                "sha256:53fd8ca5e82bdee8da7f506d7b03a261f24cd43d090ea9db9a1dc59d9313914c",
                "sha256:55bb01caeaf3a60b2b2bba07308a02fca6ab56233302406ed5245180a05c5625",
                "sha256:645d7d8761f915e48a00d4ecc3686969761df69fb561dd914a773c1a8266e14e",
                "sha256:785d31851c1ae91f45b3d8fe23b8ae4b5170089021fbb42402d811135f0b7117",
                "sha256:7b118afbb3202f5911486ad52da86d1d52305b59e7ef2031cea3425142b97d6f",
                "sha256:7d5ccc9e58112441de8ad4b29dcb7a86dc25c5f770e3c06a9d57e0e5eba48829",
                "sha256:925d26471fa24b0ce5a6cdfab1bb526fb4159952385f386bdcc643813d472039",
                "sha256:a67267654edc23c97335586774790cde402fb6bbdb3c2314f1fc087dee320bfa",
                "sha256:a9641e31476d601f83cd602608739a0840e348bda93fec9f1ee816f8b6798b93",
                "sha256:b076ef717a8e5bc819514ee1d602bbdca5b4420ae13a9cf61a0c0a4f53a2baa2",
                "sha256:eae02b700763e3847595b9d2891488989cac00214da7f845f4bcf2989007d577",
                "sha256:eb61ec9bdb2506cffd492e05ac40e5bc6284873aceb605503d8494180d6fc84d"
            ],
            "index": "pypi",
            "markers": "python_version >= '3.7'",
            "version": "==0.6.9"
        },
        "tomlkit": {
            "hashes": [
                "sha256:7a974427f6e119197f670fbbbeae7bef749a6c14e793db934baefc1b5f03efde",
                "sha256:fff5fe59a87295b278abd31bec92c15d9bc4a06885ab12bcea52c71119392e79"
            ],
            "markers": "python_version >= '3.8'",
            "version": "==0.13.2"
        },
        "typing-extensions": {
            "hashes": [
                "sha256:04e5ca0351e0f3f85c6853954072df659d0d13fac324d0072316b67d7794700d",
                "sha256:1a7ead55c7e559dd4dee8856e3a88b41225abfe1ce8df57b7c13915fe121ffb8"
            ],
            "markers": "python_version >= '3.8'",
            "version": "==4.12.2"
        }
    }
}
